
Microsoft Visual Studio Solution File, Format Version 12.00
# Visual Studio Version 16
VisualStudioVersion = 16.0.29728.190
MinimumVisualStudioVersion = 10.0.40219.1
Project("{FAE04EC0-301F-11D3-BF4B-00C04F79EFBC}") = "CodAffection-MVC-CRUD", "CodAffection-MVC-CRUD\CodAffection-MVC-CRUD.csproj", "{1C7655C9-4A30-4CA2-903C-E632A85304BF}"
EndProject
Global
	GlobalSection(SolutionConfigurationPlatforms) = preSolution
		Debug|Any CPU = Debug|Any CPU
		Release|Any CPU = Release|Any CPU
	EndGlobalSection
	GlobalSection(ProjectConfigurationPlatforms) = postSolution
		{1C7655C9-4A30-4CA2-903C-E632A85304BF}.Debug|Any CPU.ActiveCfg = Debug|Any CPU
		{1C7655C9-4A30-4CA2-903C-E632A85304BF}.Debug|Any CPU.Build.0 = Debug|Any CPU
		{1C7655C9-4A30-4CA2-903C-E632A85304BF}.Release|Any CPU.ActiveCfg = Release|Any CPU
		{1C7655C9-4A30-4CA2-903C-E632A85304BF}.Release|Any CPU.Build.0 = Release|Any CPU
	EndGlobalSection
	GlobalSection(SolutionProperties) = preSolution
		HideSolutionNode = FALSE
	EndGlobalSection
	GlobalSection(ExtensibilityGlobals) = postSolution
		SolutionGuid = {492A1955-67C5-467E-BE15-74FC703855FA}
	EndGlobalSection
EndGlobal
